// !$*UTF8*$!
{
	archiveVersion = 1;
	classes = {
	};
	objectVersion = 46;
	objects = {

/* Begin PBXBuildFile section */
		A9801FE31611FCB100641C39 /* UIKit.framework in Frameworks */ = {isa = PBXBuildFile; fileRef = A9801FE21611FCB100641C39 /* UIKit.framework */; };
		A9801FE51611FCB100641C39 /* Foundation.framework in Frameworks */ = {isa = PBXBuildFile; fileRef = A9801FE41611FCB100641C39 /* Foundation.framework */; };
		A9801FE71611FCB100641C39 /* CoreGraphics.framework in Frameworks */ = {isa = PBXBuildFile; fileRef = A9801FE61611FCB100641C39 /* CoreGraphics.framework */; };
		A9801FED1611FCB100641C39 /* InfoPlist.strings in Resources */ = {isa = PBXBuildFile; fileRef = A9801FEB1611FCB100641C39 /* InfoPlist.strings */; };
		A9801FEF1611FCB100641C39 /* main.m in Sources */ = {isa = PBXBuildFile; fileRef = A9801FEE1611FCB100641C39 /* main.m */; };
		A9801FF31611FCB100641C39 /* AppDelegate.m in Sources */ = {isa = PBXBuildFile; fileRef = A9801FF21611FCB100641C39 /* AppDelegate.m */; };
		A9801FF51611FCB100641C39 /* Default.png in Resources */ = {isa = PBXBuildFile; fileRef = A9801FF41611FCB100641C39 /* Default.png */; };
		A9801FF71611FCB100641C39 /* Default@2x.png in Resources */ = {isa = PBXBuildFile; fileRef = A9801FF61611FCB100641C39 /* Default@2x.png */; };
		A9801FF91611FCB100641C39 /* Default-568h@2x.png in Resources */ = {isa = PBXBuildFile; fileRef = A9801FF81611FCB100641C39 /* Default-568h@2x.png */; };
		A98020001611FCC700641C39 /* libFWTClock.a in Frameworks */ = {isa = PBXBuildFile; fileRef = A9801FFF1611FCC700641C39 /* libFWTClock.a */; };
		A98020021611FCCF00641C39 /* QuartzCore.framework in Frameworks */ = {isa = PBXBuildFile; fileRef = A98020011611FCCF00641C39 /* QuartzCore.framework */; };
		A98020061611FD1600641C39 /* DefaultViewController.m in Sources */ = {isa = PBXBuildFile; fileRef = A98020051611FD1600641C39 /* DefaultViewController.m */; };
		A99CC53B170345830070FF13 /* icon_clock.png in Resources */ = {isa = PBXBuildFile; fileRef = A99CC539170345830070FF13 /* icon_clock.png */; };
		A99CC53C170345830070FF13 /* icon_clock@2x.png in Resources */ = {isa = PBXBuildFile; fileRef = A99CC53A170345830070FF13 /* icon_clock@2x.png */; };
		A9B70A5716B2D12C00BF147D /* RistrettoTableViewController.m in Sources */ = {isa = PBXBuildFile; fileRef = A9B70A5616B2D12C00BF147D /* RistrettoTableViewController.m */; };
		A9B70A5D16B2D1A500BF147D /* CustomViewController.m in Sources */ = {isa = PBXBuildFile; fileRef = A9B70A5C16B2D1A500BF147D /* CustomViewController.m */; };
		A9E6092A170214F400C50BBB /* button_back.png in Resources */ = {isa = PBXBuildFile; fileRef = A9E60928170214F400C50BBB /* button_back.png */; };
		A9E6092B170214F400C50BBB /* button_back@2x.png in Resources */ = {isa = PBXBuildFile; fileRef = A9E60929170214F400C50BBB /* button_back@2x.png */; };
		A9E6093417030EB500C50BBB /* UIImage+Ristretto.m in Sources */ = {isa = PBXBuildFile; fileRef = A9E6093317030EB500C50BBB /* UIImage+Ristretto.m */; };
		A9E6093717030F1E00C50BBB /* UIImage+FWTBlock.m in Sources */ = {isa = PBXBuildFile; fileRef = A9E6093617030F1E00C50BBB /* UIImage+FWTBlock.m */; };
		A9E609401703150000C50BBB /* UIColor+Ristretto.m in Sources */ = {isa = PBXBuildFile; fileRef = A9E6093F1703150000C50BBB /* UIColor+Ristretto.m */; };
		A9E609431703167000C50BBB /* UIFont+Ristretto.m in Sources */ = {isa = PBXBuildFile; fileRef = A9E609421703166F00C50BBB /* UIFont+Ristretto.m */; };
		A9E6094617031E6300C50BBB /* RistrettoTableViewCell.m in Sources */ = {isa = PBXBuildFile; fileRef = A9E6094517031E6300C50BBB /* RistrettoTableViewCell.m */; };
		A9E6094917031FC500C50BBB /* UIViewController+Ristretto.m in Sources */ = {isa = PBXBuildFile; fileRef = A9E6094817031FC500C50BBB /* UIViewController+Ristretto.m */; };
/* End PBXBuildFile section */

/* Begin PBXFileReference section */
		A9801FDE1611FCB100641C39 /* FWTClock_Test.app */ = {isa = PBXFileReference; explicitFileType = wrapper.application; includeInIndex = 0; path = FWTClock_Test.app; sourceTree = BUILT_PRODUCTS_DIR; };
		A9801FE21611FCB100641C39 /* UIKit.framework */ = {isa = PBXFileReference; lastKnownFileType = wrapper.framework; name = UIKit.framework; path = System/Library/Frameworks/UIKit.framework; sourceTree = SDKROOT; };
		A9801FE41611FCB100641C39 /* Foundation.framework */ = {isa = PBXFileReference; lastKnownFileType = wrapper.framework; name = Foundation.framework; path = System/Library/Frameworks/Foundation.framework; sourceTree = SDKROOT; };
		A9801FE61611FCB100641C39 /* CoreGraphics.framework */ = {isa = PBXFileReference; lastKnownFileType = wrapper.framework; name = CoreGraphics.framework; path = System/Library/Frameworks/CoreGraphics.framework; sourceTree = SDKROOT; };
		A9801FEA1611FCB100641C39 /* FWTClock_Test-Info.plist */ = {isa = PBXFileReference; lastKnownFileType = text.plist.xml; path = "FWTClock_Test-Info.plist"; sourceTree = "<group>"; };
		A9801FEC1611FCB100641C39 /* en */ = {isa = PBXFileReference; lastKnownFileType = text.plist.strings; name = en; path = en.lproj/InfoPlist.strings; sourceTree = "<group>"; };
		A9801FEE1611FCB100641C39 /* main.m */ = {isa = PBXFileReference; lastKnownFileType = sourcecode.c.objc; path = main.m; sourceTree = "<group>"; };
		A9801FF01611FCB100641C39 /* FWTClock_Test-Prefix.pch */ = {isa = PBXFileReference; lastKnownFileType = sourcecode.c.h; path = "FWTClock_Test-Prefix.pch"; sourceTree = "<group>"; };
		A9801FF11611FCB100641C39 /* AppDelegate.h */ = {isa = PBXFileReference; lastKnownFileType = sourcecode.c.h; path = AppDelegate.h; sourceTree = "<group>"; };
		A9801FF21611FCB100641C39 /* AppDelegate.m */ = {isa = PBXFileReference; lastKnownFileType = sourcecode.c.objc; path = AppDelegate.m; sourceTree = "<group>"; };
		A9801FF41611FCB100641C39 /* Default.png */ = {isa = PBXFileReference; lastKnownFileType = image.png; path = Default.png; sourceTree = "<group>"; };
		A9801FF61611FCB100641C39 /* Default@2x.png */ = {isa = PBXFileReference; lastKnownFileType = image.png; path = "Default@2x.png"; sourceTree = "<group>"; };
		A9801FF81611FCB100641C39 /* Default-568h@2x.png */ = {isa = PBXFileReference; lastKnownFileType = image.png; path = "Default-568h@2x.png"; sourceTree = "<group>"; };
		A9801FFF1611FCC700641C39 /* libFWTClock.a */ = {isa = PBXFileReference; lastKnownFileType = archive.ar; path = libFWTClock.a; sourceTree = BUILT_PRODUCTS_DIR; };
		A98020011611FCCF00641C39 /* QuartzCore.framework */ = {isa = PBXFileReference; lastKnownFileType = wrapper.framework; name = QuartzCore.framework; path = System/Library/Frameworks/QuartzCore.framework; sourceTree = SDKROOT; };
		A98020041611FD1600641C39 /* DefaultViewController.h */ = {isa = PBXFileReference; fileEncoding = 4; lastKnownFileType = sourcecode.c.h; path = DefaultViewController.h; sourceTree = "<group>"; };
		A98020051611FD1600641C39 /* DefaultViewController.m */ = {isa = PBXFileReference; fileEncoding = 4; lastKnownFileType = sourcecode.c.objc; path = DefaultViewController.m; sourceTree = "<group>"; };
		A99CC539170345830070FF13 /* icon_clock.png */ = {isa = PBXFileReference; lastKnownFileType = image.png; path = icon_clock.png; sourceTree = "<group>"; };
		A99CC53A170345830070FF13 /* icon_clock@2x.png */ = {isa = PBXFileReference; lastKnownFileType = image.png; path = "icon_clock@2x.png"; sourceTree = "<group>"; };
		A9B70A5516B2D12C00BF147D /* RistrettoTableViewController.h */ = {isa = PBXFileReference; fileEncoding = 4; lastKnownFileType = sourcecode.c.h; path = RistrettoTableViewController.h; sourceTree = "<group>"; };
		A9B70A5616B2D12C00BF147D /* RistrettoTableViewController.m */ = {isa = PBXFileReference; fileEncoding = 4; lastKnownFileType = sourcecode.c.objc; path = RistrettoTableViewController.m; sourceTree = "<group>"; };
		A9B70A5B16B2D1A500BF147D /* CustomViewController.h */ = {isa = PBXFileReference; fileEncoding = 4; lastKnownFileType = sourcecode.c.h; path = CustomViewController.h; sourceTree = "<group>"; };
		A9B70A5C16B2D1A500BF147D /* CustomViewController.m */ = {isa = PBXFileReference; fileEncoding = 4; lastKnownFileType = sourcecode.c.objc; path = CustomViewController.m; sourceTree = "<group>"; };
		A9E60928170214F400C50BBB /* button_back.png */ = {isa = PBXFileReference; lastKnownFileType = image.png; path = button_back.png; sourceTree = "<group>"; };
		A9E60929170214F400C50BBB /* button_back@2x.png */ = {isa = PBXFileReference; lastKnownFileType = image.png; path = "button_back@2x.png"; sourceTree = "<group>"; };
		A9E6093217030EB500C50BBB /* UIImage+Ristretto.h */ = {isa = PBXFileReference; fileEncoding = 4; lastKnownFileType = sourcecode.c.h; path = "UIImage+Ristretto.h"; sourceTree = "<group>"; };
		A9E6093317030EB500C50BBB /* UIImage+Ristretto.m */ = {isa = PBXFileReference; fileEncoding = 4; lastKnownFileType = sourcecode.c.objc; path = "UIImage+Ristretto.m"; sourceTree = "<group>"; };
		A9E6093517030F1E00C50BBB /* UIImage+FWTBlock.h */ = {isa = PBXFileReference; fileEncoding = 4; lastKnownFileType = sourcecode.c.h; path = "UIImage+FWTBlock.h"; sourceTree = "<group>"; };
		A9E6093617030F1E00C50BBB /* UIImage+FWTBlock.m */ = {isa = PBXFileReference; fileEncoding = 4; lastKnownFileType = sourcecode.c.objc; path = "UIImage+FWTBlock.m"; sourceTree = "<group>"; };
		A9E6093E1703150000C50BBB /* UIColor+Ristretto.h */ = {isa = PBXFileReference; fileEncoding = 4; lastKnownFileType = sourcecode.c.h; path = "UIColor+Ristretto.h"; sourceTree = "<group>"; };
		A9E6093F1703150000C50BBB /* UIColor+Ristretto.m */ = {isa = PBXFileReference; fileEncoding = 4; lastKnownFileType = sourcecode.c.objc; path = "UIColor+Ristretto.m"; sourceTree = "<group>"; };
		A9E609411703166F00C50BBB /* UIFont+Ristretto.h */ = {isa = PBXFileReference; fileEncoding = 4; lastKnownFileType = sourcecode.c.h; path = "UIFont+Ristretto.h"; sourceTree = "<group>"; };
		A9E609421703166F00C50BBB /* UIFont+Ristretto.m */ = {isa = PBXFileReference; fileEncoding = 4; lastKnownFileType = sourcecode.c.objc; path = "UIFont+Ristretto.m"; sourceTree = "<group>"; };
		A9E6094417031E6300C50BBB /* RistrettoTableViewCell.h */ = {isa = PBXFileReference; fileEncoding = 4; lastKnownFileType = sourcecode.c.h; path = RistrettoTableViewCell.h; sourceTree = "<group>"; };
		A9E6094517031E6300C50BBB /* RistrettoTableViewCell.m */ = {isa = PBXFileReference; fileEncoding = 4; lastKnownFileType = sourcecode.c.objc; path = RistrettoTableViewCell.m; sourceTree = "<group>"; };
		A9E6094717031FC500C50BBB /* UIViewController+Ristretto.h */ = {isa = PBXFileReference; fileEncoding = 4; lastKnownFileType = sourcecode.c.h; path = "UIViewController+Ristretto.h"; sourceTree = "<group>"; };
		A9E6094817031FC500C50BBB /* UIViewController+Ristretto.m */ = {isa = PBXFileReference; fileEncoding = 4; lastKnownFileType = sourcecode.c.objc; path = "UIViewController+Ristretto.m"; sourceTree = "<group>"; };
/* End PBXFileReference section */

/* Begin PBXFrameworksBuildPhase section */
		A9801FDB1611FCB100641C39 /* Frameworks */ = {
			isa = PBXFrameworksBuildPhase;
			buildActionMask = 2147483647;
			files = (
				A98020021611FCCF00641C39 /* QuartzCore.framework in Frameworks */,
				A98020001611FCC700641C39 /* libFWTClock.a in Frameworks */,
				A9801FE31611FCB100641C39 /* UIKit.framework in Frameworks */,
				A9801FE51611FCB100641C39 /* Foundation.framework in Frameworks */,
				A9801FE71611FCB100641C39 /* CoreGraphics.framework in Frameworks */,
			);
			runOnlyForDeploymentPostprocessing = 0;
		};
/* End PBXFrameworksBuildPhase section */

/* Begin PBXGroup section */
		A9801FD31611FCB100641C39 = {
			isa = PBXGroup;
			children = (
				A9801FE81611FCB100641C39 /* FWTClock_Test */,
				A9801FE11611FCB100641C39 /* Frameworks */,
				A9801FDF1611FCB100641C39 /* Products */,
			);
			sourceTree = "<group>";
		};
		A9801FDF1611FCB100641C39 /* Products */ = {
			isa = PBXGroup;
			children = (
				A9801FDE1611FCB100641C39 /* FWTClock_Test.app */,
			);
			name = Products;
			sourceTree = "<group>";
		};
		A9801FE11611FCB100641C39 /* Frameworks */ = {
			isa = PBXGroup;
			children = (
				A9801FFF1611FCC700641C39 /* libFWTClock.a */,
				A98020011611FCCF00641C39 /* QuartzCore.framework */,
				A9801FE21611FCB100641C39 /* UIKit.framework */,
				A9801FE41611FCB100641C39 /* Foundation.framework */,
				A9801FE61611FCB100641C39 /* CoreGraphics.framework */,
			);
			name = Frameworks;
			sourceTree = "<group>";
		};
		A9801FE81611FCB100641C39 /* FWTClock_Test */ = {
			isa = PBXGroup;
			children = (
				A9801FF11611FCB100641C39 /* AppDelegate.h */,
				A9801FF21611FCB100641C39 /* AppDelegate.m */,
				A9B70A6816B2D72F00BF147D /* Common */,
				A9B70A5916B2D15E00BF147D /* Sample */,
				A9801FE91611FCB100641C39 /* Supporting Files */,
			);
			path = FWTClock_Test;
			sourceTree = "<group>";
		};
		A9801FE91611FCB100641C39 /* Supporting Files */ = {
			isa = PBXGroup;
			children = (
				A99CC539170345830070FF13 /* icon_clock.png */,
				A99CC53A170345830070FF13 /* icon_clock@2x.png */,
				A9E60928170214F400C50BBB /* button_back.png */,
				A9E60929170214F400C50BBB /* button_back@2x.png */,
				A9801FEA1611FCB100641C39 /* FWTClock_Test-Info.plist */,
				A9801FEB1611FCB100641C39 /* InfoPlist.strings */,
				A9801FEE1611FCB100641C39 /* main.m */,
				A9801FF01611FCB100641C39 /* FWTClock_Test-Prefix.pch */,
				A9801FF41611FCB100641C39 /* Default.png */,
				A9801FF61611FCB100641C39 /* Default@2x.png */,
				A9801FF81611FCB100641C39 /* Default-568h@2x.png */,
			);
			name = "Supporting Files";
			sourceTree = "<group>";
		};
		A99CC53D170349FB0070FF13 /* Ristretto */ = {
			isa = PBXGroup;
			children = (
				A99CC53E17034A0C0070FF13 /* Base */,
				A99CC53F17034A140070FF13 /* Categories */,
			);
			name = Ristretto;
			sourceTree = "<group>";
		};
		A99CC53E17034A0C0070FF13 /* Base */ = {
			isa = PBXGroup;
			children = (
				A9B70A5516B2D12C00BF147D /* RistrettoTableViewController.h */,
				A9B70A5616B2D12C00BF147D /* RistrettoTableViewController.m */,
				A9E6094417031E6300C50BBB /* RistrettoTableViewCell.h */,
				A9E6094517031E6300C50BBB /* RistrettoTableViewCell.m */,
			);
			name = Base;
			sourceTree = "<group>";
		};
		A99CC53F17034A140070FF13 /* Categories */ = {
			isa = PBXGroup;
			children = (
				A9E6093217030EB500C50BBB /* UIImage+Ristretto.h */,
				A9E6093317030EB500C50BBB /* UIImage+Ristretto.m */,
				A9E6093E1703150000C50BBB /* UIColor+Ristretto.h */,
				A9E6093F1703150000C50BBB /* UIColor+Ristretto.m */,
				A9E609411703166F00C50BBB /* UIFont+Ristretto.h */,
				A9E609421703166F00C50BBB /* UIFont+Ristretto.m */,
				A9E6094717031FC500C50BBB /* UIViewController+Ristretto.h */,
				A9E6094817031FC500C50BBB /* UIViewController+Ristretto.m */,
			);
			name = Categories;
			sourceTree = "<group>";
		};
		A9B70A5916B2D15E00BF147D /* Sample */ = {
			isa = PBXGroup;
			children = (
				A98020041611FD1600641C39 /* DefaultViewController.h */,
				A98020051611FD1600641C39 /* DefaultViewController.m */,
				A9B70A5B16B2D1A500BF147D /* CustomViewController.h */,
				A9B70A5C16B2D1A500BF147D /* CustomViewController.m */,
			);
			name = Sample;
			sourceTree = "<group>";
		};
		A9B70A6816B2D72F00BF147D /* Common */ = {
			isa = PBXGroup;
			children = (
				A9E6093517030F1E00C50BBB /* UIImage+FWTBlock.h */,
				A9E6093617030F1E00C50BBB /* UIImage+FWTBlock.m */,
				A99CC53D170349FB0070FF13 /* Ristretto */,
			);
			name = Common;
			sourceTree = "<group>";
		};
/* End PBXGroup section */

/* Begin PBXNativeTarget section */
		A9801FDD1611FCB100641C39 /* FWTClock_Test */ = {
			isa = PBXNativeTarget;
			buildConfigurationList = A9801FFC1611FCB100641C39 /* Build configuration list for PBXNativeTarget "FWTClock_Test" */;
			buildPhases = (
				A9801FDA1611FCB100641C39 /* Sources */,
				A9801FDB1611FCB100641C39 /* Frameworks */,
				A9801FDC1611FCB100641C39 /* Resources */,
			);
			buildRules = (
			);
			dependencies = (
			);
			name = FWTClock_Test;
			productName = FWTClock_Test;
			productReference = A9801FDE1611FCB100641C39 /* FWTClock_Test.app */;
			productType = "com.apple.product-type.application";
		};
/* End PBXNativeTarget section */

/* Begin PBXProject section */
		A9801FD51611FCB100641C39 /* Project object */ = {
			isa = PBXProject;
			attributes = {
				LastUpgradeCheck = 0450;
				ORGANIZATIONNAME = "Marco Meschini";
			};
			buildConfigurationList = A9801FD81611FCB100641C39 /* Build configuration list for PBXProject "FWTClock_Test" */;
			compatibilityVersion = "Xcode 3.2";
			developmentRegion = English;
			hasScannedForEncodings = 0;
			knownRegions = (
				en,
			);
			mainGroup = A9801FD31611FCB100641C39;
			productRefGroup = A9801FDF1611FCB100641C39 /* Products */;
			projectDirPath = "";
			projectRoot = "";
			targets = (
				A9801FDD1611FCB100641C39 /* FWTClock_Test */,
			);
		};
/* End PBXProject section */

/* Begin PBXResourcesBuildPhase section */
		A9801FDC1611FCB100641C39 /* Resources */ = {
			isa = PBXResourcesBuildPhase;
			buildActionMask = 2147483647;
			files = (
				A9801FED1611FCB100641C39 /* InfoPlist.strings in Resources */,
				A9801FF51611FCB100641C39 /* Default.png in Resources */,
				A9801FF71611FCB100641C39 /* Default@2x.png in Resources */,
				A9801FF91611FCB100641C39 /* Default-568h@2x.png in Resources */,
				A9E6092A170214F400C50BBB /* button_back.png in Resources */,
				A9E6092B170214F400C50BBB /* button_back@2x.png in Resources */,
				A99CC53B170345830070FF13 /* icon_clock.png in Resources */,
				A99CC53C170345830070FF13 /* icon_clock@2x.png in Resources */,
			);
			runOnlyForDeploymentPostprocessing = 0;
		};
/* End PBXResourcesBuildPhase section */

/* Begin PBXSourcesBuildPhase section */
		A9801FDA1611FCB100641C39 /* Sources */ = {
			isa = PBXSourcesBuildPhase;
			buildActionMask = 2147483647;
			files = (
				A9801FEF1611FCB100641C39 /* main.m in Sources */,
				A9801FF31611FCB100641C39 /* AppDelegate.m in Sources */,
				A98020061611FD1600641C39 /* DefaultViewController.m in Sources */,
				A9B70A5716B2D12C00BF147D /* RistrettoTableViewController.m in Sources */,
				A9B70A5D16B2D1A500BF147D /* CustomViewController.m in Sources */,
				A9E6093417030EB500C50BBB /* UIImage+Ristretto.m in Sources */,
				A9E6093717030F1E00C50BBB /* UIImage+FWTBlock.m in Sources */,
				A9E609401703150000C50BBB /* UIColor+Ristretto.m in Sources */,
				A9E609431703167000C50BBB /* UIFont+Ristretto.m in Sources */,
				A9E6094617031E6300C50BBB /* RistrettoTableViewCell.m in Sources */,
				A9E6094917031FC500C50BBB /* UIViewController+Ristretto.m in Sources */,
			);
			runOnlyForDeploymentPostprocessing = 0;
		};
/* End PBXSourcesBuildPhase section */

/* Begin PBXVariantGroup section */
		A9801FEB1611FCB100641C39 /* InfoPlist.strings */ = {
			isa = PBXVariantGroup;
			children = (
				A9801FEC1611FCB100641C39 /* en */,
			);
			name = InfoPlist.strings;
			sourceTree = "<group>";
		};
/* End PBXVariantGroup section */

/* Begin XCBuildConfiguration section */
		A9801FFA1611FCB100641C39 /* Debug */ = {
			isa = XCBuildConfiguration;
			buildSettings = {
				ALWAYS_SEARCH_USER_PATHS = NO;
				CLANG_CXX_LANGUAGE_STANDARD = "gnu++0x";
				CLANG_CXX_LIBRARY = "libc++";
				CLANG_WARN_EMPTY_BODY = YES;
				CLANG_WARN__DUPLICATE_METHOD_MATCH = YES;
				"CODE_SIGN_IDENTITY[sdk=iphoneos*]" = "iPhone Developer";
				COPY_PHASE_STRIP = NO;
				GCC_C_LANGUAGE_STANDARD = gnu99;
				GCC_DYNAMIC_NO_PIC = NO;
				GCC_OPTIMIZATION_LEVEL = 0;
				GCC_PREPROCESSOR_DEFINITIONS = (
					"DEBUG=1",
					"$(inherited)",
				);
				GCC_SYMBOLS_PRIVATE_EXTERN = NO;
				GCC_WARN_ABOUT_RETURN_TYPE = YES;
				GCC_WARN_UNINITIALIZED_AUTOS = YES;
				GCC_WARN_UNUSED_VARIABLE = YES;
				HEADER_SEARCH_PATHS = "\"$(SRCROOT)/../FWTClock/FWTClock/\"";
				IPHONEOS_DEPLOYMENT_TARGET = 4.3;
				SDKROOT = iphoneos;
				TARGETED_DEVICE_FAMILY = "1,2";
			};
			name = Debug;
		};
		A9801FFB1611FCB100641C39 /* Release */ = {
			isa = XCBuildConfiguration;
			buildSettings = {
				ALWAYS_SEARCH_USER_PATHS = NO;
				CLANG_CXX_LANGUAGE_STANDARD = "gnu++0x";
				CLANG_CXX_LIBRARY = "libc++";
				CLANG_WARN_EMPTY_BODY = YES;
				CLANG_WARN__DUPLICATE_METHOD_MATCH = YES;
				"CODE_SIGN_IDENTITY[sdk=iphoneos*]" = "iPhone Developer";
				COPY_PHASE_STRIP = YES;
				GCC_C_LANGUAGE_STANDARD = gnu99;
				GCC_WARN_ABOUT_RETURN_TYPE = YES;
				GCC_WARN_UNINITIALIZED_AUTOS = YES;
				GCC_WARN_UNUSED_VARIABLE = YES;
				HEADER_SEARCH_PATHS = "\"$(SRCROOT)/../FWTClock/FWTClock/\"";
				IPHONEOS_DEPLOYMENT_TARGET = 4.3;
				OTHER_CFLAGS = "-DNS_BLOCK_ASSERTIONS=1";
				SDKROOT = iphoneos;
				TARGETED_DEVICE_FAMILY = "1,2";
				VALIDATE_PRODUCT = YES;
			};
			name = Release;
		};
		A9801FFD1611FCB100641C39 /* Debug */ = {
			isa = XCBuildConfiguration;
			buildSettings = {
				GCC_PRECOMPILE_PREFIX_HEADER = YES;
				GCC_PREFIX_HEADER = "FWTClock_Test/FWTClock_Test-Prefix.pch";
				INFOPLIST_FILE = "FWTClock_Test/FWTClock_Test-Info.plist";
				LIBRARY_SEARCH_PATHS = (
					"$(inherited)",
					"\"$(SRCROOT)/../../../Library/Developer/Xcode/DerivedData/FWTClock-fssbcgeopqfzzadgsnftsurzprof/Build/Products/Debug-iphoneos\"",
				);
				PRODUCT_NAME = "$(TARGET_NAME)";
				WRAPPER_EXTENSION = app;
			};
			name = Debug;
		};
		A9801FFE1611FCB100641C39 /* Release */ = {
			isa = XCBuildConfiguration;
			buildSettings = {
				GCC_PRECOMPILE_PREFIX_HEADER = YES;
				GCC_PREFIX_HEADER = "FWTClock_Test/FWTClock_Test-Prefix.pch";
				INFOPLIST_FILE = "FWTClock_Test/FWTClock_Test-Info.plist";
				LIBRARY_SEARCH_PATHS = (
					"$(inherited)",
					"\"$(SRCROOT)/../../../Library/Developer/Xcode/DerivedData/FWTClock-fssbcgeopqfzzadgsnftsurzprof/Build/Products/Debug-iphoneos\"",
				);
				PRODUCT_NAME = "$(TARGET_NAME)";
				WRAPPER_EXTENSION = app;
			};
			name = Release;
		};
/* End XCBuildConfiguration section */

/* Begin XCConfigurationList section */
		A9801FD81611FCB100641C39 /* Build configuration list for PBXProject "FWTClock_Test" */ = {
			isa = XCConfigurationList;
			buildConfigurations = (
				A9801FFA1611FCB100641C39 /* Debug */,
				A9801FFB1611FCB100641C39 /* Release */,
			);
			defaultConfigurationIsVisible = 0;
			defaultConfigurationName = Release;
		};
		A9801FFC1611FCB100641C39 /* Build configuration list for PBXNativeTarget "FWTClock_Test" */ = {
			isa = XCConfigurationList;
			buildConfigurations = (
				A9801FFD1611FCB100641C39 /* Debug */,
				A9801FFE1611FCB100641C39 /* Release */,
			);
			defaultConfigurationIsVisible = 0;
			defaultConfigurationName = Release;
		};
/* End XCConfigurationList section */
	};
	rootObject = A9801FD51611FCB100641C39 /* Project object */;
}
